
Microsoft Visual Studio Solution File, Format Version 12.00
# Visual Studio Version 17
VisualStudioVersion = 17.0.31903.59
MinimumVisualStudioVersion = 10.0.40219.1
Project("{FAE04EC0-301F-11D3-BF4B-00C04F79EFBC}") = "FrozenBenchmark", "FrozenBenchmark\FrozenBenchmark.csproj", "{3E5A5D78-8C1C-44C2-B2F6-1E2D7AB938A5}"
EndProject
Global
	GlobalSection(SolutionConfigurationPlatforms) = preSolution
		Debug|Any CPU = Debug|Any CPU
		Release|Any CPU = Release|Any CPU
	EndGlobalSection
	GlobalSection(ProjectConfigurationPlatforms) = postSolution
		{3E5A5D78-8C1C-44C2-B2F6-1E2D7AB938A5}.Debug|Any CPU.ActiveCfg = Debug|Any CPU
		{3E5A5D78-8C1C-44C2-B2F6-1E2D7AB938A5}.Debug|Any CPU.Build.0 = Debug|Any CPU
		{3E5A5D78-8C1C-44C2-B2F6-1E2D7AB938A5}.Release|Any CPU.ActiveCfg = Release|Any CPU
		{3E5A5D78-8C1C-44C2-B2F6-1E2D7AB938A5}.Release|Any CPU.Build.0 = Release|Any CPU
	EndGlobalSection
	GlobalSection(SolutionProperties) = preSolution
		HideSolutionNode = FALSE
	EndGlobalSection
	GlobalSection(ExtensibilityGlobals) = postSolution
		SolutionGuid = {AB35C372-0492-4709-8715-8A4A2C9D8B85}
	EndGlobalSection
EndGlobal
